{
  "name": "automerge-bad-doc-heads-example",
  "version": "1.0.0",
  "lockfileVersion": 2,
  "requires": true,
  "packages": {
    "": {
      "name": "automerge-bad-doc-heads-example",
      "version": "1.0.0",
      "license": "ISC",
      "dependencies": {
        "@automerge/automerge": "^2.0.1-alpha.2",
        "@types/node": "^18.11.15",
        "typescript": "^4.9.4"
      }
    },
    "node_modules/@automerge/automerge": {
      "version": "2.0.1-alpha.2",
      "resolved": "https://registry.npmjs.org/@automerge/automerge/-/automerge-2.0.1-alpha.2.tgz",
      "integrity": "sha512-nh+OcrZZHzB5nmxxXHHpAvzSMXy3y5w0QATUP3VgIwGy24riD7COm4/GAJrJKdZ+hnKrV98577NYZy7EFqWWZA==",
      "dependencies": {
        "@automerge/automerge-wasm": "0.1.19",
        "uuid": "^8.3"
      }
    },
    "node_modules/@automerge/automerge-wasm": {
      "version": "0.1.19",
      "resolved": "https://registry.npmjs.org/@automerge/automerge-wasm/-/automerge-wasm-0.1.19.tgz",
      "integrity": "sha512-G7nBxy5AdewqFRzGw/MyuGSPGElGKWn92CwxzV168RKpteo3Y+kGiDdtYdRi3Q4e6zIFNNhlAeQAizoug4ctHg=="
    },
    "node_modules/@types/node": {
      "version": "18.11.15",
      "resolved": "https://registry.npmjs.org/@types/node/-/node-18.11.15.tgz",
      "integrity": "sha512-VkhBbVo2+2oozlkdHXLrb3zjsRkpdnaU2bXmX8Wgle3PUi569eLRaHGlgETQHR7lLL1w7GiG3h9SnePhxNDecw=="
    },
    "node_modules/typescript": {
      "version": "4.9.4",
      "resolved": "https://registry.npmjs.org/typescript/-/typescript-4.9.4.tgz",
      "integrity": "sha512-Uz+dTXYzxXXbsFpM86Wh3dKCxrQqUcVMxwU54orwlJjOpO3ao8L7j5lH+dWfTwgCwIuM9GQ2kvVotzYJMXTBZg==",
      "bin": {
        "tsc": "bin/tsc",
        "tsserver": "bin/tsserver"
      },
      "engines": {
        "node": ">=4.2.0"
      }
    },
    "node_modules/uuid": {
      "version": "8.3.2",
      "resolved": "https://registry.npmjs.org/uuid/-/uuid-8.3.2.tgz",
      "integrity": "sha512-+NYs2QeMWy+GWFOEm9xnn6HCDp0l7QBD7ml8zLUmJ+93Q5NF0NocErnwkTkXVFNiX3/fpC6afS8Dhb/gz7R7eg==",
      "bin": {
        "uuid": "dist/bin/uuid"
      }
    }
  },
  "dependencies": {
    "@automerge/automerge": {
      "version": "2.0.1-alpha.2",
      "resolved": "https://registry.npmjs.org/@automerge/automerge/-/automerge-2.0.1-alpha.2.tgz",
      "integrity": "sha512-nh+OcrZZHzB5nmxxXHHpAvzSMXy3y5w0QATUP3VgIwGy24riD7COm4/GAJrJKdZ+hnKrV98577NYZy7EFqWWZA==",
      "requires": {
        "@automerge/automerge-wasm": "0.1.19",
        "uuid": "^8.3"
      }
    },
    "@automerge/automerge-wasm": {
      "version": "0.1.19",
      "resolved": "https://registry.npmjs.org/@automerge/automerge-wasm/-/automerge-wasm-0.1.19.tgz",
      "integrity": "sha512-G7nBxy5AdewqFRzGw/MyuGSPGElGKWn92CwxzV168RKpteo3Y+kGiDdtYdRi3Q4e6zIFNNhlAeQAizoug4ctHg=="
    },
    "@types/node": {
      "version": "18.11.15",
      "resolved": "https://registry.npmjs.org/@types/node/-/node-18.11.15.tgz",
      "integrity": "sha512-VkhBbVo2+2oozlkdHXLrb3zjsRkpdnaU2bXmX8Wgle3PUi569eLRaHGlgETQHR7lLL1w7GiG3h9SnePhxNDecw=="
    },
    "typescript": {
      "version": "4.9.4",
      "resolved": "https://registry.npmjs.org/typescript/-/typescript-4.9.4.tgz",
      "integrity": "sha512-Uz+dTXYzxXXbsFpM86Wh3dKCxrQqUcVMxwU54orwlJjOpO3ao8L7j5lH+dWfTwgCwIuM9GQ2kvVotzYJMXTBZg=="
    },
    "uuid": {
      "version": "8.3.2",
      "resolved": "https://registry.npmjs.org/uuid/-/uuid-8.3.2.tgz",
      "integrity": "sha512-+NYs2QeMWy+GWFOEm9xnn6HCDp0l7QBD7ml8zLUmJ+93Q5NF0NocErnwkTkXVFNiX3/fpC6afS8Dhb/gz7R7eg=="
    }
  }
}
